
Microsoft Visual Studio Solution File, Format Version 12.00
# Visual Studio Version 16
VisualStudioVersion = 16.0.33927.289
MinimumVisualStudioVersion = 10.0.40219.1
Project("{9A19103F-16F7-4668-BE54-9A1E7A4F7556}") = "Gateway", "Gateway\Gateway.csproj", "{1D4AA94B-5016-417F-893F-D8BB9042B77F}"
EndProject
Project("{FAE04EC0-301F-11D3-BF4B-00C04F79EFBC}") = "Reservation Service", "Reservation Service\Reservation Service.csproj", "{7A3DFF36-EA1A-4576-8597-80FF5807FB69}"
EndProject
Project("{FAE04EC0-301F-11D3-BF4B-00C04F79EFBC}") = "Payment Service", "Payment Service\Payment Service.csproj", "{4F00B355-55EA-481C-A7E0-2093B8BBC018}"
EndProject
Project("{FAE04EC0-301F-11D3-BF4B-00C04F79EFBC}") = "Loyalty Service", "Loyalty Service\Loyalty Service.csproj", "{A24C55D7-BA67-46E3-B773-1ECE2522FBA9}"
EndProject
Global
	GlobalSection(SolutionConfigurationPlatforms) = preSolution
		Debug|Any CPU = Debug|Any CPU
		Release|Any CPU = Release|Any CPU
	EndGlobalSection
	GlobalSection(ProjectConfigurationPlatforms) = postSolution
		{1D4AA94B-5016-417F-893F-D8BB9042B77F}.Debug|Any CPU.ActiveCfg = Debug|Any CPU
		{1D4AA94B-5016-417F-893F-D8BB9042B77F}.Debug|Any CPU.Build.0 = Debug|Any CPU
		{1D4AA94B-5016-417F-893F-D8BB9042B77F}.Release|Any CPU.ActiveCfg = Release|Any CPU
		{1D4AA94B-5016-417F-893F-D8BB9042B77F}.Release|Any CPU.Build.0 = Release|Any CPU
		{7A3DFF36-EA1A-4576-8597-80FF5807FB69}.Debug|Any CPU.ActiveCfg = Debug|Any CPU
		{7A3DFF36-EA1A-4576-8597-80FF5807FB69}.Debug|Any CPU.Build.0 = Debug|Any CPU
		{7A3DFF36-EA1A-4576-8597-80FF5807FB69}.Release|Any CPU.ActiveCfg = Release|Any CPU
		{7A3DFF36-EA1A-4576-8597-80FF5807FB69}.Release|Any CPU.Build.0 = Release|Any CPU
		{4F00B355-55EA-481C-A7E0-2093B8BBC018}.Debug|Any CPU.ActiveCfg = Debug|Any CPU
		{4F00B355-55EA-481C-A7E0-2093B8BBC018}.Debug|Any CPU.Build.0 = Debug|Any CPU
		{4F00B355-55EA-481C-A7E0-2093B8BBC018}.Release|Any CPU.ActiveCfg = Release|Any CPU
		{4F00B355-55EA-481C-A7E0-2093B8BBC018}.Release|Any CPU.Build.0 = Release|Any CPU
		{A24C55D7-BA67-46E3-B773-1ECE2522FBA9}.Debug|Any CPU.ActiveCfg = Debug|Any CPU
		{A24C55D7-BA67-46E3-B773-1ECE2522FBA9}.Debug|Any CPU.Build.0 = Debug|Any CPU
		{A24C55D7-BA67-46E3-B773-1ECE2522FBA9}.Release|Any CPU.ActiveCfg = Release|Any CPU
		{A24C55D7-BA67-46E3-B773-1ECE2522FBA9}.Release|Any CPU.Build.0 = Release|Any CPU
	EndGlobalSection
	GlobalSection(SolutionProperties) = preSolution
		HideSolutionNode = FALSE
	EndGlobalSection
	GlobalSection(ExtensibilityGlobals) = postSolution
		SolutionGuid = {0F7FF222-8570-4B2D-9D52-C6C1EA2A4D68}
	EndGlobalSection
EndGlobal
